
Microsoft Visual Studio Solution File, Format Version 12.00
# Visual Studio Version 16
VisualStudioVersion = 16.0.28315.86
MinimumVisualStudioVersion = 10.0.40219.1
Project("{2150E333-8FDC-42A3-9474-1A3956D46DE8}") = "Engine", "Engine", "{94A6C6F3-99B3-346E-9557-ABF9D4064DBD}"
EndProject
Project("{2150E333-8FDC-42A3-9474-1A3956D46DE8}") = "Games", "Games", "{8E2F6A87-1826-34F4-940C-CC23A48F9FE4}"
EndProject
Project("{8BC9CEB8-8B4A-11D0-8D11-00A0C91BC942}") = "UE4", "Intermediate\ProjectFiles\UE4.vcxproj", "{BD4DA57E-0BE6-4C0E-99E3-3FC716F645C7}"
EndProject
Project("{8BC9CEB8-8B4A-11D0-8D11-00A0C91BC942}") = "UnrealInkExample", "Intermediate\ProjectFiles\UnrealInkExample.vcxproj", "{70B45120-AEC6-488E-8106-5C72A165F4AF}"
EndProject
Project("{2150E333-8FDC-42A3-9474-1A3956D46DE8}") = "Visualizers", "Visualizers", "{1CCEC849-CC72-4C59-8C36-2F7C38706D4C}"
	ProjectSection(SolutionItems) = preProject
		..\UE_4.26\Engine\Extras\VisualStudioDebugging\UE4.natvis = ..\UE_4.26\Engine\Extras\VisualStudioDebugging\UE4.natvis
	EndProjectSection
EndProject
Global
	GlobalSection(SolutionConfigurationPlatforms) = preSolution
		DebugGame Editor|Win32 = DebugGame Editor|Win32
		DebugGame Editor|Win64 = DebugGame Editor|Win64
		DebugGame|Win32 = DebugGame|Win32
		DebugGame|Win64 = DebugGame|Win64
		Development Editor|Win32 = Development Editor|Win32
		Development Editor|Win64 = Development Editor|Win64
		Development|Win32 = Development|Win32
		Development|Win64 = Development|Win64
		Shipping|Win32 = Shipping|Win32
		Shipping|Win64 = Shipping|Win64
	EndGlobalSection
	GlobalSection(ProjectConfigurationPlatforms) = postSolution
		{BD4DA57E-0BE6-4C0E-99E3-3FC716F645C7}.DebugGame Editor|Win32.ActiveCfg = BuiltWithUnrealBuildTool|Win32
		{BD4DA57E-0BE6-4C0E-99E3-3FC716F645C7}.DebugGame Editor|Win64.ActiveCfg = BuiltWithUnrealBuildTool|Win32
		{BD4DA57E-0BE6-4C0E-99E3-3FC716F645C7}.DebugGame|Win32.ActiveCfg = BuiltWithUnrealBuildTool|Win32
		{BD4DA57E-0BE6-4C0E-99E3-3FC716F645C7}.DebugGame|Win64.ActiveCfg = BuiltWithUnrealBuildTool|Win32
		{BD4DA57E-0BE6-4C0E-99E3-3FC716F645C7}.Development Editor|Win32.ActiveCfg = BuiltWithUnrealBuildTool|Win32
		{BD4DA57E-0BE6-4C0E-99E3-3FC716F645C7}.Development Editor|Win64.ActiveCfg = BuiltWithUnrealBuildTool|Win32
		{BD4DA57E-0BE6-4C0E-99E3-3FC716F645C7}.Development|Win32.ActiveCfg = BuiltWithUnrealBuildTool|Win32
		{BD4DA57E-0BE6-4C0E-99E3-3FC716F645C7}.Development|Win64.ActiveCfg = BuiltWithUnrealBuildTool|Win32
		{BD4DA57E-0BE6-4C0E-99E3-3FC716F645C7}.Shipping|Win32.ActiveCfg = BuiltWithUnrealBuildTool|Win32
		{BD4DA57E-0BE6-4C0E-99E3-3FC716F645C7}.Shipping|Win64.ActiveCfg = BuiltWithUnrealBuildTool|Win32
		{70B45120-AEC6-488E-8106-5C72A165F4AF}.DebugGame Editor|Win32.ActiveCfg = Invalid|Win32
		{70B45120-AEC6-488E-8106-5C72A165F4AF}.DebugGame Editor|Win64.ActiveCfg = DebugGame_Editor|x64
		{70B45120-AEC6-488E-8106-5C72A165F4AF}.DebugGame Editor|Win64.Build.0 = DebugGame_Editor|x64
		{70B45120-AEC6-488E-8106-5C72A165F4AF}.DebugGame|Win32.ActiveCfg = DebugGame|Win32
		{70B45120-AEC6-488E-8106-5C72A165F4AF}.DebugGame|Win32.Build.0 = DebugGame|Win32
		{70B45120-AEC6-488E-8106-5C72A165F4AF}.DebugGame|Win64.ActiveCfg = DebugGame|x64
		{70B45120-AEC6-488E-8106-5C72A165F4AF}.DebugGame|Win64.Build.0 = DebugGame|x64
		{70B45120-AEC6-488E-8106-5C72A165F4AF}.Development Editor|Win32.ActiveCfg = Invalid|Win32
		{70B45120-AEC6-488E-8106-5C72A165F4AF}.Development Editor|Win64.ActiveCfg = Development_Editor|x64
		{70B45120-AEC6-488E-8106-5C72A165F4AF}.Development Editor|Win64.Build.0 = Development_Editor|x64
		{70B45120-AEC6-488E-8106-5C72A165F4AF}.Development|Win32.ActiveCfg = Development|Win32
		{70B45120-AEC6-488E-8106-5C72A165F4AF}.Development|Win32.Build.0 = Development|Win32
		{70B45120-AEC6-488E-8106-5C72A165F4AF}.Development|Win64.ActiveCfg = Development|x64
		{70B45120-AEC6-488E-8106-5C72A165F4AF}.Development|Win64.Build.0 = Development|x64
		{70B45120-AEC6-488E-8106-5C72A165F4AF}.Shipping|Win32.ActiveCfg = Shipping|Win32
		{70B45120-AEC6-488E-8106-5C72A165F4AF}.Shipping|Win32.Build.0 = Shipping|Win32
		{70B45120-AEC6-488E-8106-5C72A165F4AF}.Shipping|Win64.ActiveCfg = Shipping|x64
		{70B45120-AEC6-488E-8106-5C72A165F4AF}.Shipping|Win64.Build.0 = Shipping|x64
	EndGlobalSection
	GlobalSection(SolutionProperties) = preSolution
		HideSolutionNode = FALSE
	EndGlobalSection
	GlobalSection(NestedProjects) = preSolution
		{BD4DA57E-0BE6-4C0E-99E3-3FC716F645C7} = {94A6C6F3-99B3-346E-9557-ABF9D4064DBD}
		{70B45120-AEC6-488E-8106-5C72A165F4AF} = {8E2F6A87-1826-34F4-940C-CC23A48F9FE4}
	EndGlobalSection
EndGlobal
